
Microsoft Visual Studio Solution File, Format Version 12.00
# Visual Studio Version 16
VisualStudioVersion = 16.0.29926.136
MinimumVisualStudioVersion = 10.0.40219.1
Project("{9A19103F-16F7-4668-BE54-9A1E7A4F7556}") = "HomeWork", "HomeWork\HomeWork.csproj", "{C90873C9-E278-4AB5-A801-6A14F36A5CA5}"
EndProject
Project("{FAE04EC0-301F-11D3-BF4B-00C04F79EFBC}") = "HomeWorkDAL", "HomeWorkDAL\HomeWorkDAL.csproj", "{23C7A9E0-FD7D-4A0D-A157-48C5CEC77627}"
EndProject
Project("{FAE04EC0-301F-11D3-BF4B-00C04F79EFBC}") = "HomeWorkBL", "HomeWorkBL\HomeWorkBL.csproj", "{3E2B3B4A-47DE-416D-B0D7-BD4993567A34}"
EndProject
Global
	GlobalSection(SolutionConfigurationPlatforms) = preSolution
		Debug|Any CPU = Debug|Any CPU
		Release|Any CPU = Release|Any CPU
	EndGlobalSection
	GlobalSection(ProjectConfigurationPlatforms) = postSolution
		{C90873C9-E278-4AB5-A801-6A14F36A5CA5}.Debug|Any CPU.ActiveCfg = Debug|Any CPU
		{C90873C9-E278-4AB5-A801-6A14F36A5CA5}.Debug|Any CPU.Build.0 = Debug|Any CPU
		{C90873C9-E278-4AB5-A801-6A14F36A5CA5}.Release|Any CPU.ActiveCfg = Release|Any CPU
		{C90873C9-E278-4AB5-A801-6A14F36A5CA5}.Release|Any CPU.Build.0 = Release|Any CPU
		{23C7A9E0-FD7D-4A0D-A157-48C5CEC77627}.Debug|Any CPU.ActiveCfg = Debug|Any CPU
		{23C7A9E0-FD7D-4A0D-A157-48C5CEC77627}.Debug|Any CPU.Build.0 = Debug|Any CPU
		{23C7A9E0-FD7D-4A0D-A157-48C5CEC77627}.Release|Any CPU.ActiveCfg = Release|Any CPU
		{23C7A9E0-FD7D-4A0D-A157-48C5CEC77627}.Release|Any CPU.Build.0 = Release|Any CPU
		{3E2B3B4A-47DE-416D-B0D7-BD4993567A34}.Debug|Any CPU.ActiveCfg = Debug|Any CPU
		{3E2B3B4A-47DE-416D-B0D7-BD4993567A34}.Debug|Any CPU.Build.0 = Debug|Any CPU
		{3E2B3B4A-47DE-416D-B0D7-BD4993567A34}.Release|Any CPU.ActiveCfg = Release|Any CPU
		{3E2B3B4A-47DE-416D-B0D7-BD4993567A34}.Release|Any CPU.Build.0 = Release|Any CPU
	EndGlobalSection
	GlobalSection(SolutionProperties) = preSolution
		HideSolutionNode = FALSE
	EndGlobalSection
	GlobalSection(ExtensibilityGlobals) = postSolution
		SolutionGuid = {62C4ED12-D774-4D0E-B4B2-FE83857998E6}
	EndGlobalSection
EndGlobal
